
Microsoft Visual Studio Solution File, Format Version 12.00
# Visual Studio Version 16
VisualStudioVersion = 16.0.32228.343
MinimumVisualStudioVersion = 10.0.40219.1
Project("{FAE04EC0-301F-11D3-BF4B-00C04F79EFBC}") = "April7", "April7\April7.csproj", "{C38483EF-6CD0-46ED-B5D4-72C6803C3107}"
EndProject
Global
	GlobalSection(SolutionConfigurationPlatforms) = preSolution
		Debug|Any CPU = Debug|Any CPU
		Release|Any CPU = Release|Any CPU
	EndGlobalSection
	GlobalSection(ProjectConfigurationPlatforms) = postSolution
		{C38483EF-6CD0-46ED-B5D4-72C6803C3107}.Debug|Any CPU.ActiveCfg = Debug|Any CPU
		{C38483EF-6CD0-46ED-B5D4-72C6803C3107}.Debug|Any CPU.Build.0 = Debug|Any CPU
		{C38483EF-6CD0-46ED-B5D4-72C6803C3107}.Release|Any CPU.ActiveCfg = Release|Any CPU
		{C38483EF-6CD0-46ED-B5D4-72C6803C3107}.Release|Any CPU.Build.0 = Release|Any CPU
	EndGlobalSection
	GlobalSection(SolutionProperties) = preSolution
		HideSolutionNode = FALSE
	EndGlobalSection
	GlobalSection(ExtensibilityGlobals) = postSolution
		SolutionGuid = {F84BAFAE-658F-4F8F-941B-A34BE856A0AF}
	EndGlobalSection
EndGlobal
